
Microsoft Visual Studio Solution File, Format Version 12.00
# Visual Studio Version 16
VisualStudioVersion = 16.0.31515.178
MinimumVisualStudioVersion = 10.0.40219.1
Project("{FAE04EC0-301F-11D3-BF4B-00C04F79EFBC}") = "SchoolApi", "SchoolApi\SchoolApi.csproj", "{CEFED661-A3B7-4E62-BF36-BA1956CA0E88}"
EndProject
Project("{FAE04EC0-301F-11D3-BF4B-00C04F79EFBC}") = "DTO", "DTO\DTO.csproj", "{8A909E8E-F61F-4B63-933F-A888098E6DBE}"
EndProject
Project("{FAE04EC0-301F-11D3-BF4B-00C04F79EFBC}") = "Repo", "Repo\Repo.csproj", "{F5B18C9C-52F2-476D-B49B-0C0D9B77CF8C}"
EndProject
Global
	GlobalSection(SolutionConfigurationPlatforms) = preSolution
		Debug|Any CPU = Debug|Any CPU
		Release|Any CPU = Release|Any CPU
	EndGlobalSection
	GlobalSection(ProjectConfigurationPlatforms) = postSolution
		{CEFED661-A3B7-4E62-BF36-BA1956CA0E88}.Debug|Any CPU.ActiveCfg = Debug|Any CPU
		{CEFED661-A3B7-4E62-BF36-BA1956CA0E88}.Debug|Any CPU.Build.0 = Debug|Any CPU
		{CEFED661-A3B7-4E62-BF36-BA1956CA0E88}.Release|Any CPU.ActiveCfg = Release|Any CPU
		{CEFED661-A3B7-4E62-BF36-BA1956CA0E88}.Release|Any CPU.Build.0 = Release|Any CPU
		{8A909E8E-F61F-4B63-933F-A888098E6DBE}.Debug|Any CPU.ActiveCfg = Debug|Any CPU
		{8A909E8E-F61F-4B63-933F-A888098E6DBE}.Debug|Any CPU.Build.0 = Debug|Any CPU
		{8A909E8E-F61F-4B63-933F-A888098E6DBE}.Release|Any CPU.ActiveCfg = Release|Any CPU
		{8A909E8E-F61F-4B63-933F-A888098E6DBE}.Release|Any CPU.Build.0 = Release|Any CPU
		{F5B18C9C-52F2-476D-B49B-0C0D9B77CF8C}.Debug|Any CPU.ActiveCfg = Debug|Any CPU
		{F5B18C9C-52F2-476D-B49B-0C0D9B77CF8C}.Debug|Any CPU.Build.0 = Debug|Any CPU
		{F5B18C9C-52F2-476D-B49B-0C0D9B77CF8C}.Release|Any CPU.ActiveCfg = Release|Any CPU
		{F5B18C9C-52F2-476D-B49B-0C0D9B77CF8C}.Release|Any CPU.Build.0 = Release|Any CPU
	EndGlobalSection
	GlobalSection(SolutionProperties) = preSolution
		HideSolutionNode = FALSE
	EndGlobalSection
	GlobalSection(ExtensibilityGlobals) = postSolution
		SolutionGuid = {0286A7ED-B69D-4EF9-BF1F-ED4A22DDB088}
	EndGlobalSection
EndGlobal
